
Microsoft Visual Studio Solution File, Format Version 12.00
# Visual Studio Version 17
VisualStudioVersion = 17.4.33213.308
MinimumVisualStudioVersion = 10.0.40219.1
Project("{FAE04EC0-301F-11D3-BF4B-00C04F79EFBC}") = "VenixDNS Pinger", "VenixDNS Pinger\VenixDNS Pinger.csproj", "{0392B424-73A8-4C67-A1C9-C7E092FA0323}"
EndProject
Global
	GlobalSection(SolutionConfigurationPlatforms) = preSolution
		Debug|Any CPU = Debug|Any CPU
		Release|Any CPU = Release|Any CPU
	EndGlobalSection
	GlobalSection(ProjectConfigurationPlatforms) = postSolution
		{0392B424-73A8-4C67-A1C9-C7E092FA0323}.Debug|Any CPU.ActiveCfg = Debug|Any CPU
		{0392B424-73A8-4C67-A1C9-C7E092FA0323}.Debug|Any CPU.Build.0 = Debug|Any CPU
		{0392B424-73A8-4C67-A1C9-C7E092FA0323}.Release|Any CPU.ActiveCfg = Release|Any CPU
		{0392B424-73A8-4C67-A1C9-C7E092FA0323}.Release|Any CPU.Build.0 = Release|Any CPU
	EndGlobalSection
	GlobalSection(SolutionProperties) = preSolution
		HideSolutionNode = FALSE
	EndGlobalSection
	GlobalSection(ExtensibilityGlobals) = postSolution
		SolutionGuid = {A0513BD3-66D6-454F-8D09-E55B79554C39}
	EndGlobalSection
EndGlobal
